# This file is automatically @generated by Cargo.
# It is not intended for manual editing.
version = 3

[[package]]
name = "aho-corasick"
version = "1.1.3"
source = "registry+https://github.com/rust-lang/crates.io-index"
checksum = "8e60d3430d3a69478ad0993f19238d2df97c507009a52b3c10addcd7f6bcb916"
dependencies = [
 "memchr",
]

[[package]]
name = "anyhow"
version = "1.0.92"
source = "registry+https://github.com/rust-lang/crates.io-index"
checksum = "74f37166d7d48a0284b99dd824694c26119c700b53bf0d1540cdb147dbdaaf13"

[[package]]
name = "aoc_2022_1"
version = "0.1.0"
dependencies = [
 "challenges_common",
 "itertools",
]

[[package]]
name = "aoc_2022_10"
version = "0.1.0"
dependencies = [
 "anyhow",
 "challenges_common",
 "itertools",
]

[[package]]
name = "aoc_2022_11"
version = "0.1.0"
dependencies = [
 "anyhow",
 "challenges_common",
 "itertools",
 "lazy_static",
 "regex",
]

[[package]]
name = "aoc_2022_12"
version = "0.1.0"
dependencies = [
 "anyhow",
 "challenges_common",
 "itertools",
]

[[package]]
name = "aoc_2022_13"
version = "0.1.0"
dependencies = [
 "anyhow",
 "challenges_common",
 "itertools",
]

[[package]]
name = "aoc_2022_14"
version = "0.1.0"
dependencies = [
 "anyhow",
 "challenges_common",
 "itertools",
]

[[package]]
name = "aoc_2022_15"
version = "0.1.0"
dependencies = [
 "anyhow",
 "challenges_common",
 "lazy-regex",
]

[[package]]
name = "aoc_2022_16"
version = "0.1.0"
dependencies = [
 "anyhow",
 "challenges_common",
 "lazy-regex",
]

[[package]]
name = "aoc_2022_17"
version = "0.1.0"
dependencies = [
 "anyhow",
 "challenges_common",
]

[[package]]
name = "aoc_2022_18"
version = "0.1.0"
dependencies = [
 "anyhow",
 "challenges_common",
]

[[package]]
name = "aoc_2022_19"
version = "0.1.0"
dependencies = [
 "anyhow",
 "challenges_common",
 "lazy-regex",
]

[[package]]
name = "aoc_2022_2"
version = "0.1.0"
dependencies = [
 "anyhow",
 "challenges_common",
]

[[package]]
name = "aoc_2022_20"
version = "0.1.0"
dependencies = [
 "anyhow",
 "challenges_common",
]

[[package]]
name = "aoc_2022_21"
version = "0.1.0"
dependencies = [
 "anyhow",
 "challenges_common",
 "lazy-regex",
]

[[package]]
name = "aoc_2022_22"
version = "0.1.0"
dependencies = [
 "anyhow",
 "challenges_common",
 "lazy-regex",
]

[[package]]
name = "aoc_2022_23"
version = "0.1.0"
dependencies = [
 "anyhow",
 "challenges_common",
]

[[package]]
name = "aoc_2022_24"
version = "0.1.0"
dependencies = [
 "anyhow",
 "challenges_common",
]

[[package]]
name = "aoc_2022_25"
version = "0.1.0"
dependencies = [
 "anyhow",
 "challenges_common",
]

[[package]]
name = "aoc_2022_3"
version = "0.1.0"
dependencies = [
 "challenges_common",
 "itertools",
]

[[package]]
name = "aoc_2022_4"
version = "0.1.0"
dependencies = [
 "challenges_common",
 "itertools",
]

[[package]]
name = "aoc_2022_5"
version = "0.1.0"
dependencies = [
 "challenges_common",
 "itertools",
 "lazy_static",
 "regex",
]

[[package]]
name = "aoc_2022_6"
version = "0.1.0"
dependencies = [
 "challenges_common",
 "itertools",
]

[[package]]
name = "aoc_2022_7"
version = "0.1.0"
dependencies = [
 "anyhow",
 "challenges_common",
 "itertools",
]

[[package]]
name = "aoc_2022_8"
version = "0.1.0"
dependencies = [
 "anyhow",
 "challenges_common",
 "itertools",
]

[[package]]
name = "aoc_2022_9"
version = "0.1.0"
dependencies = [
 "anyhow",
 "challenges_common",
 "itertools",
]

[[package]]
name = "aoc_2023_01"
version = "0.1.0"
dependencies = [
 "anyhow",
 "challenges_common",
 "lazy-regex",
]

[[package]]
name = "aoc_2023_02"
version = "0.1.0"
dependencies = [
 "anyhow",
 "challenges_common",
 "itertools",
 "lazy-regex",
]

[[package]]
name = "aoc_2023_03"
version = "0.1.0"
dependencies = [
 "anyhow",
 "challenges_common",
 "itertools",
]

[[package]]
name = "aoc_2023_04"
version = "0.1.0"
dependencies = [
 "anyhow",
 "challenges_common",
 "itertools",
 "lazy-regex",
]

[[package]]
name = "aoc_2023_05"
version = "0.1.0"
dependencies = [
 "anyhow",
 "challenges_common",
 "itertools",
 "lazy-regex",
]

[[package]]
name = "aoc_2023_06"
version = "0.1.0"
dependencies = [
 "anyhow",
 "challenges_common",
 "itertools",
]

[[package]]
name = "aoc_2023_07"
version = "0.1.0"
dependencies = [
 "anyhow",
 "challenges_common",
 "itertools",
]

[[package]]
name = "aoc_2023_08"
version = "0.1.0"
dependencies = [
 "anyhow",
 "challenges_common",
 "itertools",
 "lazy-regex",
]

[[package]]
name = "aoc_2023_09"
version = "0.1.0"
dependencies = [
 "anyhow",
 "challenges_common",
 "itertools",
]

[[package]]
name = "aoc_2023_10"
version = "0.1.0"
dependencies = [
 "anyhow",
 "challenges_common",
 "itertools",
 "thiserror",
]

[[package]]
name = "aoc_2023_11"
version = "0.1.0"
dependencies = [
 "anyhow",
 "challenges_common",
 "itertools",
 "thiserror",
]

[[package]]
name = "aoc_2023_12"
version = "0.1.0"
dependencies = [
 "anyhow",
 "challenges_common",
 "itertools",
 "thiserror",
]

[[package]]
name = "aoc_2023_13"
version = "0.1.0"
dependencies = [
 "anyhow",
 "challenges_common",
 "itertools",
 "thiserror",
]

[[package]]
name = "aoc_2023_14"
version = "0.1.0"
dependencies = [
 "anyhow",
 "challenges_common",
 "itertools",
 "thiserror",
]

[[package]]
name = "autocfg"
version = "1.4.0"
source = "registry+https://github.com/rust-lang/crates.io-index"
checksum = "ace50bade8e6234aa140d9a2f552bbee1db4d353f69b8217bc503490fc1a9f26"

[[package]]
name = "challenges_common"
version = "0.1.0"
dependencies = [
 "itertools",
 "num-traits",
 "thiserror",
]

[[package]]
name = "either"
version = "1.13.0"
source = "registry+https://github.com/rust-lang/crates.io-index"
checksum = "60b1af1c220855b6ceac025d3f6ecdd2b7c4894bfe9cd9bda4fbb4bc7c0d4cf0"

[[package]]
name = "itertools"
version = "0.13.0"
source = "registry+https://github.com/rust-lang/crates.io-index"
checksum = "413ee7dfc52ee1a4949ceeb7dbc8a33f2d6c088194d9f922fb8318faf1f01186"
dependencies = [
 "either",
]

[[package]]
name = "lazy-regex"
version = "3.3.0"
source = "registry+https://github.com/rust-lang/crates.io-index"
checksum = "8d8e41c97e6bc7ecb552016274b99fbb5d035e8de288c582d9b933af6677bfda"
dependencies = [
 "lazy-regex-proc_macros",
 "once_cell",
 "regex",
]

[[package]]
name = "lazy-regex-proc_macros"
version = "3.3.0"
source = "registry+https://github.com/rust-lang/crates.io-index"
checksum = "76e1d8b05d672c53cb9c7b920bbba8783845ae4f0b076e02a3db1d02c81b4163"
dependencies = [
 "proc-macro2",
 "quote",
 "regex",
 "syn",
]

[[package]]
name = "lazy_static"
version = "1.5.0"
source = "registry+https://github.com/rust-lang/crates.io-index"
checksum = "bbd2bcb4c963f2ddae06a2efc7e9f3591312473c50c6685e1f298068316e66fe"

[[package]]
name = "memchr"
version = "2.7.4"
source = "registry+https://github.com/rust-lang/crates.io-index"
checksum = "78ca9ab1a0babb1e7d5695e3530886289c18cf2f87ec19a575a0abdce112e3a3"

[[package]]
name = "num-traits"
version = "0.2.19"
source = "registry+https://github.com/rust-lang/crates.io-index"
checksum = "071dfc062690e90b734c0b2273ce72ad0ffa95f0c74596bc250dcfd960262841"
dependencies = [
 "autocfg",
]

[[package]]
name = "once_cell"
version = "1.20.2"
source = "registry+https://github.com/rust-lang/crates.io-index"
checksum = "1261fe7e33c73b354eab43b1273a57c8f967d0391e80353e51f764ac02cf6775"

[[package]]
name = "proc-macro2"
version = "1.0.89"
source = "registry+https://github.com/rust-lang/crates.io-index"
checksum = "f139b0662de085916d1fb67d2b4169d1addddda1919e696f3252b740b629986e"
dependencies = [
 "unicode-ident",
]

[[package]]
name = "quote"
version = "1.0.37"
source = "registry+https://github.com/rust-lang/crates.io-index"
checksum = "b5b9d34b8991d19d98081b46eacdd8eb58c6f2b201139f7c5f643cc155a633af"
dependencies = [
 "proc-macro2",
]

[[package]]
name = "regex"
version = "1.11.1"
source = "registry+https://github.com/rust-lang/crates.io-index"
checksum = "b544ef1b4eac5dc2db33ea63606ae9ffcfac26c1416a2806ae0bf5f56b201191"
dependencies = [
 "aho-corasick",
 "memchr",
 "regex-automata",
 "regex-syntax",
]

[[package]]
name = "regex-automata"
version = "0.4.8"
source = "registry+https://github.com/rust-lang/crates.io-index"
checksum = "368758f23274712b504848e9d5a6f010445cc8b87a7cdb4d7cbee666c1288da3"
dependencies = [
 "aho-corasick",
 "memchr",
 "regex-syntax",
]

[[package]]
name = "regex-syntax"
version = "0.8.5"
source = "registry+https://github.com/rust-lang/crates.io-index"
checksum = "2b15c43186be67a4fd63bee50d0303afffcef381492ebe2c5d87f324e1b8815c"

[[package]]
name = "syn"
version = "2.0.87"
source = "registry+https://github.com/rust-lang/crates.io-index"
checksum = "25aa4ce346d03a6dcd68dd8b4010bcb74e54e62c90c573f394c46eae99aba32d"
dependencies = [
 "proc-macro2",
 "quote",
 "unicode-ident",
]

[[package]]
name = "thiserror"
version = "2.0.0"
source = "registry+https://github.com/rust-lang/crates.io-index"
checksum = "15291287e9bff1bc6f9ff3409ed9af665bec7a5fc8ac079ea96be07bca0e2668"
dependencies = [
 "thiserror-impl",
]

[[package]]
name = "thiserror-impl"
version = "2.0.0"
source = "registry+https://github.com/rust-lang/crates.io-index"
checksum = "22efd00f33f93fa62848a7cab956c3d38c8d43095efda1decfc2b3a5dc0b8972"
dependencies = [
 "proc-macro2",
 "quote",
 "syn",
]

[[package]]
name = "unicode-ident"
version = "1.0.13"
source = "registry+https://github.com/rust-lang/crates.io-index"
checksum = "e91b56cd4cadaeb79bbf1a5645f6b4f8dc5bde8834ad5894a8db35fda9efa1fe"
